
Microsoft Visual Studio Solution File, Format Version 12.00
# Visual Studio 14
VisualStudioVersion = 14.0.23107.0
MinimumVisualStudioVersion = 10.0.40219.1
Project("{FAE04EC0-301F-11D3-BF4B-00C04F79EFBC}") = "SecureApp.Web", "SecureApp.Web\SecureApp.Web.csproj", "{1353FB04-4E11-4B4B-B701-6C07657BA990}"
	ProjectSection(ProjectDependencies) = postProject
		{396489DB-4A28-442E-A956-34E3354DE066} = {396489DB-4A28-442E-A956-34E3354DE066}
	EndProjectSection
EndProject
Project("{FAE04EC0-301F-11D3-BF4B-00C04F79EFBC}") = "SecureApp.Services", "SecureApp.Services\SecureApp.Services.csproj", "{396489DB-4A28-442E-A956-34E3354DE066}"
EndProject
Project("{FAE04EC0-301F-11D3-BF4B-00C04F79EFBC}") = "SecureAppModules", "SecureAppModules\SecureAppModules.csproj", "{67E4AAAC-D9AF-4C19-AE15-6A23B26BEB4D}"
EndProject
Global
	GlobalSection(SolutionConfigurationPlatforms) = preSolution
		Debug|Any CPU = Debug|Any CPU
		Release|Any CPU = Release|Any CPU
	EndGlobalSection
	GlobalSection(ProjectConfigurationPlatforms) = postSolution
		{1353FB04-4E11-4B4B-B701-6C07657BA990}.Debug|Any CPU.ActiveCfg = Debug|Any CPU
		{1353FB04-4E11-4B4B-B701-6C07657BA990}.Debug|Any CPU.Build.0 = Debug|Any CPU
		{1353FB04-4E11-4B4B-B701-6C07657BA990}.Release|Any CPU.ActiveCfg = Release|Any CPU
		{1353FB04-4E11-4B4B-B701-6C07657BA990}.Release|Any CPU.Build.0 = Release|Any CPU
		{396489DB-4A28-442E-A956-34E3354DE066}.Debug|Any CPU.ActiveCfg = Debug|Any CPU
		{396489DB-4A28-442E-A956-34E3354DE066}.Debug|Any CPU.Build.0 = Debug|Any CPU
		{396489DB-4A28-442E-A956-34E3354DE066}.Release|Any CPU.ActiveCfg = Release|Any CPU
		{396489DB-4A28-442E-A956-34E3354DE066}.Release|Any CPU.Build.0 = Release|Any CPU
		{67E4AAAC-D9AF-4C19-AE15-6A23B26BEB4D}.Debug|Any CPU.ActiveCfg = Debug|Any CPU
		{67E4AAAC-D9AF-4C19-AE15-6A23B26BEB4D}.Debug|Any CPU.Build.0 = Debug|Any CPU
		{67E4AAAC-D9AF-4C19-AE15-6A23B26BEB4D}.Release|Any CPU.ActiveCfg = Release|Any CPU
		{67E4AAAC-D9AF-4C19-AE15-6A23B26BEB4D}.Release|Any CPU.Build.0 = Release|Any CPU
	EndGlobalSection
	GlobalSection(SolutionProperties) = preSolution
		HideSolutionNode = FALSE
	EndGlobalSection
EndGlobal
